// !$*UTF8*$!
{
	archiveVersion = 1;
	classes = {
	};
	objectVersion = 50;
	objects = {

/* Begin PBXBuildFile section */
		08CDEC7C25EA540000616C7F /* AppDelegate.swift in Sources */ = {isa = PBXBuildFile; fileRef = 08CDEC7B25EA540000616C7F /* AppDelegate.swift */; };
		08CDEC7E25EA540000616C7F /* SceneDelegate.swift in Sources */ = {isa = PBXBuildFile; fileRef = 08CDEC7D25EA540000616C7F /* SceneDelegate.swift */; };
		08CDEC8025EA540000616C7F /* ViewController.swift in Sources */ = {isa = PBXBuildFile; fileRef = 08CDEC7F25EA540000616C7F /* ViewController.swift */; };
		08CDEC8325EA540000616C7F /* Main.storyboard in Resources */ = {isa = PBXBuildFile; fileRef = 08CDEC8125EA540000616C7F /* Main.storyboard */; };
		08CDEC8525EA540400616C7F /* Assets.xcassets in Resources */ = {isa = PBXBuildFile; fileRef = 08CDEC8425EA540400616C7F /* Assets.xcassets */; };
		08CDEC8825EA540400616C7F /* LaunchScreen.storyboard in Resources */ = {isa = PBXBuildFile; fileRef = 08CDEC8625EA540400616C7F /* LaunchScreen.storyboard */; };
		08CDEC9325EA540400616C7F /* TestTests.swift in Sources */ = {isa = PBXBuildFile; fileRef = 08CDEC9225EA540400616C7F /* TestTests.swift */; };
		08CDEC9E25EA540400616C7F /* TestUITests.swift in Sources */ = {isa = PBXBuildFile; fileRef = 08CDEC9D25EA540400616C7F /* TestUITests.swift */; };
/* End PBXBuildFile section */

/* Begin PBXContainerItemProxy section */
		08CDEC8F25EA540400616C7F /* PBXContainerItemProxy */ = {
			isa = PBXContainerItemProxy;
			containerPortal = 08CDEC7025EA540000616C7F /* Project object */;
			proxyType = 1;
			remoteGlobalIDString = 08CDEC7725EA540000616C7F;
			remoteInfo = Test;
		};
		08CDEC9A25EA540400616C7F /* PBXContainerItemProxy */ = {
			isa = PBXContainerItemProxy;
			containerPortal = 08CDEC7025EA540000616C7F /* Project object */;
			proxyType = 1;
			remoteGlobalIDString = 08CDEC7725EA540000616C7F;
			remoteInfo = Test;
		};
/* End PBXContainerItemProxy section */

/* Begin PBXFileReference section */
		08CDEC7825EA540000616C7F /* Test.app */ = {isa = PBXFileReference; explicitFileType = wrapper.application; includeInIndex = 0; path = Test.app; sourceTree = BUILT_PRODUCTS_DIR; };
		08CDEC7B25EA540000616C7F /* AppDelegate.swift */ = {isa = PBXFileReference; lastKnownFileType = sourcecode.swift; path = AppDelegate.swift; sourceTree = "<group>"; };
		08CDEC7D25EA540000616C7F /* SceneDelegate.swift */ = {isa = PBXFileReference; lastKnownFileType = sourcecode.swift; path = SceneDelegate.swift; sourceTree = "<group>"; };
		08CDEC7F25EA540000616C7F /* ViewController.swift */ = {isa = PBXFileReference; lastKnownFileType = sourcecode.swift; path = ViewController.swift; sourceTree = "<group>"; };
		08CDEC8225EA540000616C7F /* Base */ = {isa = PBXFileReference; lastKnownFileType = file.storyboard; name = Base; path = Base.lproj/Main.storyboard; sourceTree = "<group>"; };
		08CDEC8425EA540400616C7F /* Assets.xcassets */ = {isa = PBXFileReference; lastKnownFileType = folder.assetcatalog; path = Assets.xcassets; sourceTree = "<group>"; };
		08CDEC8725EA540400616C7F /* Base */ = {isa = PBXFileReference; lastKnownFileType = file.storyboard; name = Base; path = Base.lproj/LaunchScreen.storyboard; sourceTree = "<group>"; };
		08CDEC8925EA540400616C7F /* Info.plist */ = {isa = PBXFileReference; lastKnownFileType = text.plist.xml; path = Info.plist; sourceTree = "<group>"; };
		08CDEC8E25EA540400616C7F /* TestTests.xctest */ = {isa = PBXFileReference; explicitFileType = wrapper.cfbundle; includeInIndex = 0; path = TestTests.xctest; sourceTree = BUILT_PRODUCTS_DIR; };
		08CDEC9225EA540400616C7F /* TestTests.swift */ = {isa = PBXFileReference; lastKnownFileType = sourcecode.swift; path = TestTests.swift; sourceTree = "<group>"; };
		08CDEC9425EA540400616C7F /* Info.plist */ = {isa = PBXFileReference; lastKnownFileType = text.plist.xml; path = Info.plist; sourceTree = "<group>"; };
		08CDEC9925EA540400616C7F /* TestUITests.xctest */ = {isa = PBXFileReference; explicitFileType = wrapper.cfbundle; includeInIndex = 0; path = TestUITests.xctest; sourceTree = BUILT_PRODUCTS_DIR; };
		08CDEC9D25EA540400616C7F /* TestUITests.swift */ = {isa = PBXFileReference; lastKnownFileType = sourcecode.swift; path = TestUITests.swift; sourceTree = "<group>"; };
		08CDEC9F25EA540400616C7F /* Info.plist */ = {isa = PBXFileReference; lastKnownFileType = text.plist.xml; path = Info.plist; sourceTree = "<group>"; };
/* End PBXFileReference section */

/* Begin PBXFrameworksBuildPhase section */
		08CDEC7525EA540000616C7F /* Frameworks */ = {
			isa = PBXFrameworksBuildPhase;
			buildActionMask = 2147483647;
			files = (
			);
			runOnlyForDeploymentPostprocessing = 0;
		};
		08CDEC8B25EA540400616C7F /* Frameworks */ = {
			isa = PBXFrameworksBuildPhase;
			buildActionMask = 2147483647;
			files = (
			);
			runOnlyForDeploymentPostprocessing = 0;
		};
		08CDEC9625EA540400616C7F /* Frameworks */ = {
			isa = PBXFrameworksBuildPhase;
			buildActionMask = 2147483647;
			files = (
			);
			runOnlyForDeploymentPostprocessing = 0;
		};
/* End PBXFrameworksBuildPhase section */

/* Begin PBXGroup section */
		08CDEC6F25EA540000616C7F = {
			isa = PBXGroup;
			children = (
				08CDEC7A25EA540000616C7F /* Test */,
				08CDEC9125EA540400616C7F /* TestTests */,
				08CDEC9C25EA540400616C7F /* TestUITests */,
				08CDEC7925EA540000616C7F /* Products */,
			);
			sourceTree = "<group>";
		};
		08CDEC7925EA540000616C7F /* Products */ = {
			isa = PBXGroup;
			children = (
				08CDEC7825EA540000616C7F /* Test.app */,
				08CDEC8E25EA540400616C7F /* TestTests.xctest */,
				08CDEC9925EA540400616C7F /* TestUITests.xctest */,
			);
			name = Products;
			sourceTree = "<group>";
		};
		08CDEC7A25EA540000616C7F /* Test */ = {
			isa = PBXGroup;
			children = (
				08CDEC7B25EA540000616C7F /* AppDelegate.swift */,
				08CDEC7D25EA540000616C7F /* SceneDelegate.swift */,
				08CDEC7F25EA540000616C7F /* ViewController.swift */,
				08CDEC8125EA540000616C7F /* Main.storyboard */,
				08CDEC8425EA540400616C7F /* Assets.xcassets */,
				08CDEC8625EA540400616C7F /* LaunchScreen.storyboard */,
				08CDEC8925EA540400616C7F /* Info.plist */,
			);
			path = Test;
			sourceTree = "<group>";
		};
		08CDEC9125EA540400616C7F /* TestTests */ = {
			isa = PBXGroup;
			children = (
				08CDEC9225EA540400616C7F /* TestTests.swift */,
				08CDEC9425EA540400616C7F /* Info.plist */,
			);
			path = TestTests;
			sourceTree = "<group>";
		};
		08CDEC9C25EA540400616C7F /* TestUITests */ = {
			isa = PBXGroup;
			children = (
				08CDEC9D25EA540400616C7F /* TestUITests.swift */,
				08CDEC9F25EA540400616C7F /* Info.plist */,
			);
			path = TestUITests;
			sourceTree = "<group>";
		};
/* End PBXGroup section */

/* Begin PBXNativeTarget section */
		08CDEC7725EA540000616C7F /* Test */ = {
			isa = PBXNativeTarget;
			buildConfigurationList = 08CDECA225EA540400616C7F /* Build configuration list for PBXNativeTarget "Test" */;
			buildPhases = (
				08CDEC7425EA540000616C7F /* Sources */,
				08CDEC7525EA540000616C7F /* Frameworks */,
				08CDEC7625EA540000616C7F /* Resources */,
			);
			buildRules = (
			);
			dependencies = (
			);
			name = Test;
			productName = Test;
			productReference = 08CDEC7825EA540000616C7F /* Test.app */;
			productType = "com.apple.product-type.application";
		};
		08CDEC8D25EA540400616C7F /* TestTests */ = {
			isa = PBXNativeTarget;
			buildConfigurationList = 08CDECA525EA540400616C7F /* Build configuration list for PBXNativeTarget "TestTests" */;
			buildPhases = (
				08CDEC8A25EA540400616C7F /* Sources */,
				08CDEC8B25EA540400616C7F /* Frameworks */,
				08CDEC8C25EA540400616C7F /* Resources */,
			);
			buildRules = (
			);
			dependencies = (
				08CDEC9025EA540400616C7F /* PBXTargetDependency */,
			);
			name = TestTests;
			productName = TestTests;
			productReference = 08CDEC8E25EA540400616C7F /* TestTests.xctest */;
			productType = "com.apple.product-type.bundle.unit-test";
		};
		08CDEC9825EA540400616C7F /* TestUITests */ = {
			isa = PBXNativeTarget;
			buildConfigurationList = 08CDECA825EA540400616C7F /* Build configuration list for PBXNativeTarget "TestUITests" */;
			buildPhases = (
				08CDEC9525EA540400616C7F /* Sources */,
				08CDEC9625EA540400616C7F /* Frameworks */,
				08CDEC9725EA540400616C7F /* Resources */,
			);
			buildRules = (
			);
			dependencies = (
				08CDEC9B25EA540400616C7F /* PBXTargetDependency */,
			);
			name = TestUITests;
			productName = TestUITests;
			productReference = 08CDEC9925EA540400616C7F /* TestUITests.xctest */;
			productType = "com.apple.product-type.bundle.ui-testing";
		};
/* End PBXNativeTarget section */

/* Begin PBXProject section */
		08CDEC7025EA540000616C7F /* Project object */ = {
			isa = PBXProject;
			attributes = {
				LastSwiftUpdateCheck = 1210;
				LastUpgradeCheck = 1210;
				TargetAttributes = {
					08CDEC7725EA540000616C7F = {
						CreatedOnToolsVersion = 12.1;
					};
					08CDEC8D25EA540400616C7F = {
						CreatedOnToolsVersion = 12.1;
						TestTargetID = 08CDEC7725EA540000616C7F;
					};
					08CDEC9825EA540400616C7F = {
						CreatedOnToolsVersion = 12.1;
						TestTargetID = 08CDEC7725EA540000616C7F;
					};
				};
			};
			buildConfigurationList = 08CDEC7325EA540000616C7F /* Build configuration list for PBXProject "Test" */;
			compatibilityVersion = "Xcode 9.3";
			developmentRegion = en;
			hasScannedForEncodings = 0;
			knownRegions = (
				en,
				Base,
			);
			mainGroup = 08CDEC6F25EA540000616C7F;
			productRefGroup = 08CDEC7925EA540000616C7F /* Products */;
			projectDirPath = "";
			projectRoot = "";
			targets = (
				08CDEC7725EA540000616C7F /* Test */,
				08CDEC8D25EA540400616C7F /* TestTests */,
				08CDEC9825EA540400616C7F /* TestUITests */,
			);
		};
/* End PBXProject section */

/* Begin PBXResourcesBuildPhase section */
		08CDEC7625EA540000616C7F /* Resources */ = {
			isa = PBXResourcesBuildPhase;
			buildActionMask = 2147483647;
			files = (
				08CDEC8825EA540400616C7F /* LaunchScreen.storyboard in Resources */,
				08CDEC8525EA540400616C7F /* Assets.xcassets in Resources */,
				08CDEC8325EA540000616C7F /* Main.storyboard in Resources */,
			);
			runOnlyForDeploymentPostprocessing = 0;
		};
		08CDEC8C25EA540400616C7F /* Resources */ = {
			isa = PBXResourcesBuildPhase;
			buildActionMask = 2147483647;
			files = (
			);
			runOnlyForDeploymentPostprocessing = 0;
		};
		08CDEC9725EA540400616C7F /* Resources */ = {
			isa = PBXResourcesBuildPhase;
			buildActionMask = 2147483647;
			files = (
			);
			runOnlyForDeploymentPostprocessing = 0;
		};
/* End PBXResourcesBuildPhase section */

/* Begin PBXSourcesBuildPhase section */
		08CDEC7425EA540000616C7F /* Sources */ = {
			isa = PBXSourcesBuildPhase;
			buildActionMask = 2147483647;
			files = (
				08CDEC8025EA540000616C7F /* ViewController.swift in Sources */,
				08CDEC7C25EA540000616C7F /* AppDelegate.swift in Sources */,
				08CDEC7E25EA540000616C7F /* SceneDelegate.swift in Sources */,
			);
			runOnlyForDeploymentPostprocessing = 0;
		};
		08CDEC8A25EA540400616C7F /* Sources */ = {
			isa = PBXSourcesBuildPhase;
			buildActionMask = 2147483647;
			files = (
				08CDEC9325EA540400616C7F /* TestTests.swift in Sources */,
			);
			runOnlyForDeploymentPostprocessing = 0;
		};
		08CDEC9525EA540400616C7F /* Sources */ = {
			isa = PBXSourcesBuildPhase;
			buildActionMask = 2147483647;
			files = (
				08CDEC9E25EA540400616C7F /* TestUITests.swift in Sources */,
			);
			runOnlyForDeploymentPostprocessing = 0;
		};
/* End PBXSourcesBuildPhase section */

/* Begin PBXTargetDependency section */
		08CDEC9025EA540400616C7F /* PBXTargetDependency */ = {
			isa = PBXTargetDependency;
			target = 08CDEC7725EA540000616C7F /* Test */;
			targetProxy = 08CDEC8F25EA540400616C7F /* PBXContainerItemProxy */;
		};
		08CDEC9B25EA540400616C7F /* PBXTargetDependency */ = {
			isa = PBXTargetDependency;
			target = 08CDEC7725EA540000616C7F /* Test */;
			targetProxy = 08CDEC9A25EA540400616C7F /* PBXContainerItemProxy */;
		};
/* End PBXTargetDependency section */

/* Begin PBXVariantGroup section */
		08CDEC8125EA540000616C7F /* Main.storyboard */ = {
			isa = PBXVariantGroup;
			children = (
				08CDEC8225EA540000616C7F /* Base */,
			);
			name = Main.storyboard;
			sourceTree = "<group>";
		};
		08CDEC8625EA540400616C7F /* LaunchScreen.storyboard */ = {
			isa = PBXVariantGroup;
			children = (
				08CDEC8725EA540400616C7F /* Base */,
			);
			name = LaunchScreen.storyboard;
			sourceTree = "<group>";
		};
/* End PBXVariantGroup section */

/* Begin XCBuildConfiguration section */
		08CDECA025EA540400616C7F /* Debug */ = {
			isa = XCBuildConfiguration;
			buildSettings = {
				ALWAYS_SEARCH_USER_PATHS = NO;
				CLANG_ANALYZER_NONNULL = YES;
				CLANG_ANALYZER_NUMBER_OBJECT_CONVERSION = YES_AGGRESSIVE;
				CLANG_CXX_LANGUAGE_STANDARD = "gnu++14";
				CLANG_CXX_LIBRARY = "libc++";
				CLANG_ENABLE_MODULES = YES;
				CLANG_ENABLE_OBJC_ARC = YES;
				CLANG_ENABLE_OBJC_WEAK = YES;
				CLANG_WARN_BLOCK_CAPTURE_AUTORELEASING = YES;
				CLANG_WARN_BOOL_CONVERSION = YES;
				CLANG_WARN_COMMA = YES;
				CLANG_WARN_CONSTANT_CONVERSION = YES;
				CLANG_WARN_DEPRECATED_OBJC_IMPLEMENTATIONS = YES;
				CLANG_WARN_DIRECT_OBJC_ISA_USAGE = YES_ERROR;
				CLANG_WARN_DOCUMENTATION_COMMENTS = YES;
				CLANG_WARN_EMPTY_BODY = YES;
				CLANG_WARN_ENUM_CONVERSION = YES;
				CLANG_WARN_INFINITE_RECURSION = YES;
				CLANG_WARN_INT_CONVERSION = YES;
				CLANG_WARN_NON_LITERAL_NULL_CONVERSION = YES;
				CLANG_WARN_OBJC_IMPLICIT_RETAIN_SELF = YES;
				CLANG_WARN_OBJC_LITERAL_CONVERSION = YES;
				CLANG_WARN_OBJC_ROOT_CLASS = YES_ERROR;
				CLANG_WARN_QUOTED_INCLUDE_IN_FRAMEWORK_HEADER = YES;
				CLANG_WARN_RANGE_LOOP_ANALYSIS = YES;
				CLANG_WARN_STRICT_PROTOTYPES = YES;
				CLANG_WARN_SUSPICIOUS_MOVE = YES;
				CLANG_WARN_UNGUARDED_AVAILABILITY = YES_AGGRESSIVE;
				CLANG_WARN_UNREACHABLE_CODE = YES;
				CLANG_WARN__DUPLICATE_METHOD_MATCH = YES;
				COPY_PHASE_STRIP = NO;
				DEBUG_INFORMATION_FORMAT = dwarf;
				ENABLE_STRICT_OBJC_MSGSEND = YES;
				ENABLE_TESTABILITY = YES;
				GCC_C_LANGUAGE_STANDARD = gnu11;
				GCC_DYNAMIC_NO_PIC = NO;
				GCC_NO_COMMON_BLOCKS = YES;
				GCC_OPTIMIZATION_LEVEL = 0;
				GCC_PREPROCESSOR_DEFINITIONS = (
					"DEBUG=1",
					"$(inherited)",
				);
				GCC_WARN_64_TO_32_BIT_CONVERSION = YES;
				GCC_WARN_ABOUT_RETURN_TYPE = YES_ERROR;
				GCC_WARN_UNDECLARED_SELECTOR = YES;
				GCC_WARN_UNINITIALIZED_AUTOS = YES_AGGRESSIVE;
				GCC_WARN_UNUSED_FUNCTION = YES;
				GCC_WARN_UNUSED_VARIABLE = YES;
				IPHONEOS_DEPLOYMENT_TARGET = 14.1;
				MTL_ENABLE_DEBUG_INFO = INCLUDE_SOURCE;
				MTL_FAST_MATH = YES;
				ONLY_ACTIVE_ARCH = YES;
				SDKROOT = iphoneos;
				SWIFT_ACTIVE_COMPILATION_CONDITIONS = DEBUG;
				SWIFT_OPTIMIZATION_LEVEL = "-Onone";
			};
			name = Debug;
		};
		08CDECA125EA540400616C7F /* Release */ = {
			isa = XCBuildConfiguration;
			buildSettings = {
				ALWAYS_SEARCH_USER_PATHS = NO;
				CLANG_ANALYZER_NONNULL = YES;
				CLANG_ANALYZER_NUMBER_OBJECT_CONVERSION = YES_AGGRESSIVE;
				CLANG_CXX_LANGUAGE_STANDARD = "gnu++14";
				CLANG_CXX_LIBRARY = "libc++";
				CLANG_ENABLE_MODULES = YES;
				CLANG_ENABLE_OBJC_ARC = YES;
				CLANG_ENABLE_OBJC_WEAK = YES;
				CLANG_WARN_BLOCK_CAPTURE_AUTORELEASING = YES;
				CLANG_WARN_BOOL_CONVERSION = YES;
				CLANG_WARN_COMMA = YES;
				CLANG_WARN_CONSTANT_CONVERSION = YES;
				CLANG_WARN_DEPRECATED_OBJC_IMPLEMENTATIONS = YES;
				CLANG_WARN_DIRECT_OBJC_ISA_USAGE = YES_ERROR;
				CLANG_WARN_DOCUMENTATION_COMMENTS = YES;
				CLANG_WARN_EMPTY_BODY = YES;
				CLANG_WARN_ENUM_CONVERSION = YES;
				CLANG_WARN_INFINITE_RECURSION = YES;
				CLANG_WARN_INT_CONVERSION = YES;
				CLANG_WARN_NON_LITERAL_NULL_CONVERSION = YES;
				CLANG_WARN_OBJC_IMPLICIT_RETAIN_SELF = YES;
				CLANG_WARN_OBJC_LITERAL_CONVERSION = YES;
				CLANG_WARN_OBJC_ROOT_CLASS = YES_ERROR;
				CLANG_WARN_QUOTED_INCLUDE_IN_FRAMEWORK_HEADER = YES;
				CLANG_WARN_RANGE_LOOP_ANALYSIS = YES;
				CLANG_WARN_STRICT_PROTOTYPES = YES;
				CLANG_WARN_SUSPICIOUS_MOVE = YES;
				CLANG_WARN_UNGUARDED_AVAILABILITY = YES_AGGRESSIVE;
				CLANG_WARN_UNREACHABLE_CODE = YES;
				CLANG_WARN__DUPLICATE_METHOD_MATCH = YES;
				COPY_PHASE_STRIP = NO;
				DEBUG_INFORMATION_FORMAT = "dwarf-with-dsym";
				ENABLE_NS_ASSERTIONS = NO;
				ENABLE_STRICT_OBJC_MSGSEND = YES;
				GCC_C_LANGUAGE_STANDARD = gnu11;
				GCC_NO_COMMON_BLOCKS = YES;
				GCC_WARN_64_TO_32_BIT_CONVERSION = YES;
				GCC_WARN_ABOUT_RETURN_TYPE = YES_ERROR;
				GCC_WARN_UNDECLARED_SELECTOR = YES;
				GCC_WARN_UNINITIALIZED_AUTOS = YES_AGGRESSIVE;
				GCC_WARN_UNUSED_FUNCTION = YES;
				GCC_WARN_UNUSED_VARIABLE = YES;
				IPHONEOS_DEPLOYMENT_TARGET = 14.1;
				MTL_ENABLE_DEBUG_INFO = NO;
				MTL_FAST_MATH = YES;
				SDKROOT = iphoneos;
				SWIFT_COMPILATION_MODE = wholemodule;
				SWIFT_OPTIMIZATION_LEVEL = "-O";
				VALIDATE_PRODUCT = YES;
			};
			name = Release;
		};
		08CDECA325EA540400616C7F /* Debug */ = {
			isa = XCBuildConfiguration;
			buildSettings = {
				ASSETCATALOG_COMPILER_APPICON_NAME = AppIcon;
				ASSETCATALOG_COMPILER_GLOBAL_ACCENT_COLOR_NAME = AccentColor;
				CODE_SIGN_STYLE = Automatic;
				DEVELOPMENT_TEAM = 9H39RMB9UU;
				INFOPLIST_FILE = Test/Info.plist;
				LD_RUNPATH_SEARCH_PATHS = (
					"$(inherited)",
					"@executable_path/Frameworks",
				);
				PRODUCT_BUNDLE_IDENTIFIER = in.eroute.Test;
				PRODUCT_NAME = "$(TARGET_NAME)";
				SWIFT_VERSION = 5.0;
				TARGETED_DEVICE_FAMILY = "1,2";
			};
			name = Debug;
		};
		08CDECA425EA540400616C7F /* Release */ = {
			isa = XCBuildConfiguration;
			buildSettings = {
				ASSETCATALOG_COMPILER_APPICON_NAME = AppIcon;
				ASSETCATALOG_COMPILER_GLOBAL_ACCENT_COLOR_NAME = AccentColor;
				CODE_SIGN_STYLE = Automatic;
				DEVELOPMENT_TEAM = 9H39RMB9UU;
				INFOPLIST_FILE = Test/Info.plist;
				LD_RUNPATH_SEARCH_PATHS = (
					"$(inherited)",
					"@executable_path/Frameworks",
				);
				PRODUCT_BUNDLE_IDENTIFIER = in.eroute.Test;
				PRODUCT_NAME = "$(TARGET_NAME)";
				SWIFT_VERSION = 5.0;
				TARGETED_DEVICE_FAMILY = "1,2";
			};
			name = Release;
		};
		08CDECA625EA540400616C7F /* Debug */ = {
			isa = XCBuildConfiguration;
			buildSettings = {
				ALWAYS_EMBED_SWIFT_STANDARD_LIBRARIES = YES;
				BUNDLE_LOADER = "$(TEST_HOST)";
				CODE_SIGN_STYLE = Automatic;
				DEVELOPMENT_TEAM = 9H39RMB9UU;
				INFOPLIST_FILE = TestTests/Info.plist;
				IPHONEOS_DEPLOYMENT_TARGET = 14.1;
				LD_RUNPATH_SEARCH_PATHS = (
					"$(inherited)",
					"@executable_path/Frameworks",
					"@loader_path/Frameworks",
				);
				PRODUCT_BUNDLE_IDENTIFIER = in.eroute.TestTests;
				PRODUCT_NAME = "$(TARGET_NAME)";
				SWIFT_VERSION = 5.0;
				TARGETED_DEVICE_FAMILY = "1,2";
				TEST_HOST = "$(BUILT_PRODUCTS_DIR)/Test.app/Test";
			};
			name = Debug;
		};
		08CDECA725EA540400616C7F /* Release */ = {
			isa = XCBuildConfiguration;
			buildSettings = {
				ALWAYS_EMBED_SWIFT_STANDARD_LIBRARIES = YES;
				BUNDLE_LOADER = "$(TEST_HOST)";
				CODE_SIGN_STYLE = Automatic;
				DEVELOPMENT_TEAM = 9H39RMB9UU;
				INFOPLIST_FILE = TestTests/Info.plist;
				IPHONEOS_DEPLOYMENT_TARGET = 14.1;
				LD_RUNPATH_SEARCH_PATHS = (
					"$(inherited)",
					"@executable_path/Frameworks",
					"@loader_path/Frameworks",
				);
				PRODUCT_BUNDLE_IDENTIFIER = in.eroute.TestTests;
				PRODUCT_NAME = "$(TARGET_NAME)";
				SWIFT_VERSION = 5.0;
				TARGETED_DEVICE_FAMILY = "1,2";
				TEST_HOST = "$(BUILT_PRODUCTS_DIR)/Test.app/Test";
			};
			name = Release;
		};
		08CDECA925EA540400616C7F /* Debug */ = {
			isa = XCBuildConfiguration;
			buildSettings = {
				ALWAYS_EMBED_SWIFT_STANDARD_LIBRARIES = YES;
				CODE_SIGN_STYLE = Automatic;
				DEVELOPMENT_TEAM = 9H39RMB9UU;
				INFOPLIST_FILE = TestUITests/Info.plist;
				LD_RUNPATH_SEARCH_PATHS = (
					"$(inherited)",
					"@executable_path/Frameworks",
					"@loader_path/Frameworks",
				);
				PRODUCT_BUNDLE_IDENTIFIER = in.eroute.TestUITests;
				PRODUCT_NAME = "$(TARGET_NAME)";
				SWIFT_VERSION = 5.0;
				TARGETED_DEVICE_FAMILY = "1,2";
				TEST_TARGET_NAME = Test;
			};
			name = Debug;
		};
		08CDECAA25EA540400616C7F /* Release */ = {
			isa = XCBuildConfiguration;
			buildSettings = {
				ALWAYS_EMBED_SWIFT_STANDARD_LIBRARIES = YES;
				CODE_SIGN_STYLE = Automatic;
				DEVELOPMENT_TEAM = 9H39RMB9UU;
				INFOPLIST_FILE = TestUITests/Info.plist;
				LD_RUNPATH_SEARCH_PATHS = (
					"$(inherited)",
					"@executable_path/Frameworks",
					"@loader_path/Frameworks",
				);
				PRODUCT_BUNDLE_IDENTIFIER = in.eroute.TestUITests;
				PRODUCT_NAME = "$(TARGET_NAME)";
				SWIFT_VERSION = 5.0;
				TARGETED_DEVICE_FAMILY = "1,2";
				TEST_TARGET_NAME = Test;
			};
			name = Release;
		};
/* End XCBuildConfiguration section */

/* Begin XCConfigurationList section */
		08CDEC7325EA540000616C7F /* Build configuration list for PBXProject "Test" */ = {
			isa = XCConfigurationList;
			buildConfigurations = (
				08CDECA025EA540400616C7F /* Debug */,
				08CDECA125EA540400616C7F /* Release */,
			);
			defaultConfigurationIsVisible = 0;
			defaultConfigurationName = Release;
		};
		08CDECA225EA540400616C7F /* Build configuration list for PBXNativeTarget "Test" */ = {
			isa = XCConfigurationList;
			buildConfigurations = (
				08CDECA325EA540400616C7F /* Debug */,
				08CDECA425EA540400616C7F /* Release */,
			);
			defaultConfigurationIsVisible = 0;
			defaultConfigurationName = Release;
		};
		08CDECA525EA540400616C7F /* Build configuration list for PBXNativeTarget "TestTests" */ = {
			isa = XCConfigurationList;
			buildConfigurations = (
				08CDECA625EA540400616C7F /* Debug */,
				08CDECA725EA540400616C7F /* Release */,
			);
			defaultConfigurationIsVisible = 0;
			defaultConfigurationName = Release;
		};
		08CDECA825EA540400616C7F /* Build configuration list for PBXNativeTarget "TestUITests" */ = {
			isa = XCConfigurationList;
			buildConfigurations = (
				08CDECA925EA540400616C7F /* Debug */,
				08CDECAA25EA540400616C7F /* Release */,
			);
			defaultConfigurationIsVisible = 0;
			defaultConfigurationName = Release;
		};
/* End XCConfigurationList section */
	};
	rootObject = 08CDEC7025EA540000616C7F /* Project object */;
}
